
Microsoft Visual Studio Solution File, Format Version 12.00
# Visual Studio 15
Project("{FAE04EC0-301F-11D3-BF4B-00C04F79EFBC}") = "Assembly-CSharp", "Assembly-CSharp.csproj", "{73B57841-75E6-36AC-9C9D-25EAE257C576}"
EndProject
Project("{FAE04EC0-301F-11D3-BF4B-00C04F79EFBC}") = "Assembly-CSharp-Editor", "Assembly-CSharp-Editor.csproj", "{39FD66EA-0322-1BDC-05AC-0B3FA007C085}"
EndProject
Global
	GlobalSection(SolutionConfigurationPlatforms) = preSolution
		Debug|Any CPU = Debug|Any CPU
		Release|Any CPU = Release|Any CPU
	EndGlobalSection
	GlobalSection(ProjectConfigurationPlatforms) = postSolution
		{73B57841-75E6-36AC-9C9D-25EAE257C576}.Debug|Any CPU.ActiveCfg = Debug|Any CPU
		{73B57841-75E6-36AC-9C9D-25EAE257C576}.Debug|Any CPU.Build.0 = Debug|Any CPU
		{73B57841-75E6-36AC-9C9D-25EAE257C576}.Release|Any CPU.ActiveCfg = Release|Any CPU
		{73B57841-75E6-36AC-9C9D-25EAE257C576}.Release|Any CPU.Build.0 = Release|Any CPU
		{39FD66EA-0322-1BDC-05AC-0B3FA007C085}.Debug|Any CPU.ActiveCfg = Debug|Any CPU
		{39FD66EA-0322-1BDC-05AC-0B3FA007C085}.Debug|Any CPU.Build.0 = Debug|Any CPU
		{39FD66EA-0322-1BDC-05AC-0B3FA007C085}.Release|Any CPU.ActiveCfg = Release|Any CPU
		{39FD66EA-0322-1BDC-05AC-0B3FA007C085}.Release|Any CPU.Build.0 = Release|Any CPU
	EndGlobalSection
	GlobalSection(SolutionProperties) = preSolution
		HideSolutionNode = FALSE
	EndGlobalSection
EndGlobal
